
Microsoft Visual Studio Solution File, Format Version 12.00
# Visual Studio Version 17
VisualStudioVersion = 17.14.36518.9 d17.14
MinimumVisualStudioVersion = 10.0.40219.1
Project("{FAE04EC0-301F-11D3-BF4B-00C04F79EFBC}") = "Assignment 1", "Assignment 1\Assignment 1.csproj", "{22720312-5584-4F2D-BB2E-CFEA088203A7}"
EndProject
Global
	GlobalSection(SolutionConfigurationPlatforms) = preSolution
		Debug|Any CPU = Debug|Any CPU
		Release|Any CPU = Release|Any CPU
	EndGlobalSection
	GlobalSection(ProjectConfigurationPlatforms) = postSolution
		{22720312-5584-4F2D-BB2E-CFEA088203A7}.Debug|Any CPU.ActiveCfg = Debug|Any CPU
		{22720312-5584-4F2D-BB2E-CFEA088203A7}.Debug|Any CPU.Build.0 = Debug|Any CPU
		{22720312-5584-4F2D-BB2E-CFEA088203A7}.Release|Any CPU.ActiveCfg = Release|Any CPU
		{22720312-5584-4F2D-BB2E-CFEA088203A7}.Release|Any CPU.Build.0 = Release|Any CPU
	EndGlobalSection
	GlobalSection(SolutionProperties) = preSolution
		HideSolutionNode = FALSE
	EndGlobalSection
	GlobalSection(ExtensibilityGlobals) = postSolution
		SolutionGuid = {DE2E7235-4648-4428-BCC4-0D12583708D6}
	EndGlobalSection
EndGlobal
